
Microsoft Visual Studio Solution File, Format Version 12.00
# Visual Studio Version 17
VisualStudioVersion = 17.7.34018.315
MinimumVisualStudioVersion = 10.0.40219.1
Project("{FAE04EC0-301F-11D3-BF4B-00C04F79EFBC}") = "Blackjack", "Blackjack\Blackjack.csproj", "{F80882BB-10F0-4315-9F5C-68D574F1CA58}"
EndProject
Global
	GlobalSection(SolutionConfigurationPlatforms) = preSolution
		Debug|Any CPU = Debug|Any CPU
		Release|Any CPU = Release|Any CPU
	EndGlobalSection
	GlobalSection(ProjectConfigurationPlatforms) = postSolution
		{F80882BB-10F0-4315-9F5C-68D574F1CA58}.Debug|Any CPU.ActiveCfg = Debug|Any CPU
		{F80882BB-10F0-4315-9F5C-68D574F1CA58}.Debug|Any CPU.Build.0 = Debug|Any CPU
		{F80882BB-10F0-4315-9F5C-68D574F1CA58}.Release|Any CPU.ActiveCfg = Release|Any CPU
		{F80882BB-10F0-4315-9F5C-68D574F1CA58}.Release|Any CPU.Build.0 = Release|Any CPU
	EndGlobalSection
	GlobalSection(SolutionProperties) = preSolution
		HideSolutionNode = FALSE
	EndGlobalSection
	GlobalSection(ExtensibilityGlobals) = postSolution
		SolutionGuid = {0401D0AF-58D0-45A9-BE9F-2022DF435326}
	EndGlobalSection
EndGlobal
